// !$*UTF8*$!
{
	archiveVersion = 1;
	classes = {
	};
	objectVersion = 77;
	objects = {

/* Begin PBXBuildFile section */
		73950D3E2F6559A60017B847 /* AppDelegate.swift in Sources */ = {isa = PBXBuildFile; fileRef = 73950D3D2F6559A60017B847 /* AppDelegate.swift */; };
		73950D422F6559A60017B847 /* Main.html in Resources */ = {isa = PBXBuildFile; fileRef = 73950D402F6559A60017B847 /* Main.html */; };
		73950D442F6559A60017B847 /* Icon.png in Resources */ = {isa = PBXBuildFile; fileRef = 73950D432F6559A60017B847 /* Icon.png */; };
		73950D462F6559A60017B847 /* Style.css in Resources */ = {isa = PBXBuildFile; fileRef = 73950D452F6559A60017B847 /* Style.css */; };
		73950D482F6559A60017B847 /* Script.js in Resources */ = {isa = PBXBuildFile; fileRef = 73950D472F6559A60017B847 /* Script.js */; };
		73950D4A2F6559A60017B847 /* ViewController.swift in Sources */ = {isa = PBXBuildFile; fileRef = 73950D492F6559A60017B847 /* ViewController.swift */; };
		73950D4D2F6559A60017B847 /* Main.storyboard in Resources */ = {isa = PBXBuildFile; fileRef = 73950D4B2F6559A60017B847 /* Main.storyboard */; };
		73950D4F2F6559A90017B847 /* Assets.xcassets in Resources */ = {isa = PBXBuildFile; fileRef = 73950D4E2F6559A90017B847 /* Assets.xcassets */; };
		73950D562F6559A90017B847 /* My Purchases Collector Extension.appex in Embed Foundation Extensions */ = {isa = PBXBuildFile; fileRef = 73950D552F6559A90017B847 /* My Purchases Collector Extension.appex */; settings = {ATTRIBUTES = (RemoveHeadersOnCopy, ); }; };
		73950D5B2F6559AA0017B847 /* SafariWebExtensionHandler.swift in Sources */ = {isa = PBXBuildFile; fileRef = 73950D5A2F6559AA0017B847 /* SafariWebExtensionHandler.swift */; };
		73950D6C2F6559AB0017B847 /* background in Resources */ = {isa = PBXBuildFile; fileRef = 73950D672F6559AB0017B847 /* background */; };
		73950D6D2F6559AB0017B847 /* popup in Resources */ = {isa = PBXBuildFile; fileRef = 73950D682F6559AB0017B847 /* popup */; };
		73950D6E2F6559AB0017B847 /* content in Resources */ = {isa = PBXBuildFile; fileRef = 73950D692F6559AB0017B847 /* content */; };
		73950D6F2F6559AB0017B847 /* icons in Resources */ = {isa = PBXBuildFile; fileRef = 73950D6A2F6559AB0017B847 /* icons */; };
		73950D702F6559AB0017B847 /* manifest.json in Resources */ = {isa = PBXBuildFile; fileRef = 73950D6B2F6559AB0017B847 /* manifest.json */; };
/* End PBXBuildFile section */

/* Begin PBXContainerItemProxy section */
		73950D572F6559A90017B847 /* PBXContainerItemProxy */ = {
			isa = PBXContainerItemProxy;
			containerPortal = 73950D322F6559A60017B847 /* Project object */;
			proxyType = 1;
			remoteGlobalIDString = 73950D542F6559A90017B847;
			remoteInfo = "My Purchases Collector Extension";
		};
/* End PBXContainerItemProxy section */

/* Begin PBXCopyFilesBuildPhase section */
		73950D622F6559AA0017B847 /* Embed Foundation Extensions */ = {
			isa = PBXCopyFilesBuildPhase;
			buildActionMask = 2147483647;
			dstPath = "";
			dstSubfolderSpec = 13;
			files = (
				73950D562F6559A90017B847 /* My Purchases Collector Extension.appex in Embed Foundation Extensions */,
			);
			name = "Embed Foundation Extensions";
			runOnlyForDeploymentPostprocessing = 0;
		};
/* End PBXCopyFilesBuildPhase section */

/* Begin PBXFileReference section */
		73950D3A2F6559A60017B847 /* My Purchases Collector.app */ = {isa = PBXFileReference; explicitFileType = wrapper.application; includeInIndex = 0; path = "My Purchases Collector.app"; sourceTree = BUILT_PRODUCTS_DIR; };
		73950D3D2F6559A60017B847 /* AppDelegate.swift */ = {isa = PBXFileReference; lastKnownFileType = sourcecode.swift; path = AppDelegate.swift; sourceTree = "<group>"; };
		73950D412F6559A60017B847 /* Base */ = {isa = PBXFileReference; lastKnownFileType = text.html; name = Base; path = Base.lproj/Main.html; sourceTree = "<group>"; };
		73950D432F6559A60017B847 /* Icon.png */ = {isa = PBXFileReference; lastKnownFileType = image.png; path = Icon.png; sourceTree = "<group>"; };
		73950D452F6559A60017B847 /* Style.css */ = {isa = PBXFileReference; lastKnownFileType = text.css; path = Style.css; sourceTree = "<group>"; };
		73950D472F6559A60017B847 /* Script.js */ = {isa = PBXFileReference; lastKnownFileType = sourcecode.javascript; path = Script.js; sourceTree = "<group>"; };
		73950D492F6559A60017B847 /* ViewController.swift */ = {isa = PBXFileReference; lastKnownFileType = sourcecode.swift; path = ViewController.swift; sourceTree = "<group>"; };
		73950D4C2F6559A60017B847 /* Base */ = {isa = PBXFileReference; lastKnownFileType = file.storyboard; name = Base; path = Base.lproj/Main.storyboard; sourceTree = "<group>"; };
		73950D4E2F6559A90017B847 /* Assets.xcassets */ = {isa = PBXFileReference; lastKnownFileType = folder.assetcatalog; path = Assets.xcassets; sourceTree = "<group>"; };
		73950D502F6559A90017B847 /* Info.plist */ = {isa = PBXFileReference; lastKnownFileType = text.plist.xml; path = Info.plist; sourceTree = "<group>"; };
		73950D552F6559A90017B847 /* My Purchases Collector Extension.appex */ = {isa = PBXFileReference; explicitFileType = "wrapper.app-extension"; includeInIndex = 0; path = "My Purchases Collector Extension.appex"; sourceTree = BUILT_PRODUCTS_DIR; };
		73950D5A2F6559AA0017B847 /* SafariWebExtensionHandler.swift */ = {isa = PBXFileReference; lastKnownFileType = sourcecode.swift; path = SafariWebExtensionHandler.swift; sourceTree = "<group>"; };
		73950D5C2F6559AA0017B847 /* Info.plist */ = {isa = PBXFileReference; lastKnownFileType = text.plist.xml; path = Info.plist; sourceTree = "<group>"; };
		73950D672F6559AB0017B847 /* background */ = {isa = PBXFileReference; lastKnownFileType = folder; name = background; path = ../../../dist/background; sourceTree = "<group>"; };
		73950D682F6559AB0017B847 /* popup */ = {isa = PBXFileReference; lastKnownFileType = folder; name = popup; path = ../../../dist/popup; sourceTree = "<group>"; };
		73950D692F6559AB0017B847 /* content */ = {isa = PBXFileReference; lastKnownFileType = folder; name = content; path = ../../../dist/content; sourceTree = "<group>"; };
		73950D6A2F6559AB0017B847 /* icons */ = {isa = PBXFileReference; lastKnownFileType = folder; name = icons; path = ../../../dist/icons; sourceTree = "<group>"; };
		73950D6B2F6559AB0017B847 /* manifest.json */ = {isa = PBXFileReference; lastKnownFileType = text.json; name = manifest.json; path = ../../../dist/manifest.json; sourceTree = "<group>"; };
/* End PBXFileReference section */

/* Begin PBXFrameworksBuildPhase section */
		73950D372F6559A60017B847 /* Frameworks */ = {
			isa = PBXFrameworksBuildPhase;
			buildActionMask = 2147483647;
			files = (
			);
			runOnlyForDeploymentPostprocessing = 0;
		};
		73950D522F6559A90017B847 /* Frameworks */ = {
			isa = PBXFrameworksBuildPhase;
			buildActionMask = 2147483647;
			files = (
			);
			runOnlyForDeploymentPostprocessing = 0;
		};
/* End PBXFrameworksBuildPhase section */

/* Begin PBXGroup section */
		73950D312F6559A60017B847 = {
			isa = PBXGroup;
			children = (
				73950D3C2F6559A60017B847 /* My Purchases Collector */,
				73950D592F6559A90017B847 /* My Purchases Collector Extension */,
				73950D3B2F6559A60017B847 /* Products */,
			);
			sourceTree = "<group>";
		};
		73950D3B2F6559A60017B847 /* Products */ = {
			isa = PBXGroup;
			children = (
				73950D3A2F6559A60017B847 /* My Purchases Collector.app */,
				73950D552F6559A90017B847 /* My Purchases Collector Extension.appex */,
			);
			name = Products;
			sourceTree = "<group>";
		};
		73950D3C2F6559A60017B847 /* My Purchases Collector */ = {
			isa = PBXGroup;
			children = (
				73950D3D2F6559A60017B847 /* AppDelegate.swift */,
				73950D492F6559A60017B847 /* ViewController.swift */,
				73950D4B2F6559A60017B847 /* Main.storyboard */,
				73950D4E2F6559A90017B847 /* Assets.xcassets */,
				73950D502F6559A90017B847 /* Info.plist */,
				73950D3F2F6559A60017B847 /* Resources */,
			);
			path = "My Purchases Collector";
			sourceTree = "<group>";
		};
		73950D3F2F6559A60017B847 /* Resources */ = {
			isa = PBXGroup;
			children = (
				73950D402F6559A60017B847 /* Main.html */,
				73950D432F6559A60017B847 /* Icon.png */,
				73950D452F6559A60017B847 /* Style.css */,
				73950D472F6559A60017B847 /* Script.js */,
			);
			path = Resources;
			sourceTree = "<group>";
		};
		73950D592F6559A90017B847 /* My Purchases Collector Extension */ = {
			isa = PBXGroup;
			children = (
				73950D662F6559AB0017B847 /* Resources */,
				73950D5A2F6559AA0017B847 /* SafariWebExtensionHandler.swift */,
				73950D5C2F6559AA0017B847 /* Info.plist */,
			);
			path = "My Purchases Collector Extension";
			sourceTree = "<group>";
		};
		73950D662F6559AB0017B847 /* Resources */ = {
			isa = PBXGroup;
			children = (
				73950D672F6559AB0017B847 /* background */,
				73950D682F6559AB0017B847 /* popup */,
				73950D692F6559AB0017B847 /* content */,
				73950D6A2F6559AB0017B847 /* icons */,
				73950D6B2F6559AB0017B847 /* manifest.json */,
			);
			name = Resources;
			path = "My Purchases Collector Extension";
			sourceTree = SOURCE_ROOT;
		};
/* End PBXGroup section */

/* Begin PBXNativeTarget section */
		73950D392F6559A60017B847 /* My Purchases Collector */ = {
			isa = PBXNativeTarget;
			buildConfigurationList = 73950D632F6559AA0017B847 /* Build configuration list for PBXNativeTarget "My Purchases Collector" */;
			buildPhases = (
				73950D362F6559A60017B847 /* Sources */,
				73950D372F6559A60017B847 /* Frameworks */,
				73950D382F6559A60017B847 /* Resources */,
				73950D622F6559AA0017B847 /* Embed Foundation Extensions */,
			);
			buildRules = (
			);
			dependencies = (
				73950D582F6559A90017B847 /* PBXTargetDependency */,
			);
			name = "My Purchases Collector";
			packageProductDependencies = (
			);
			productName = "My Purchases Collector";
			productReference = 73950D3A2F6559A60017B847 /* My Purchases Collector.app */;
			productType = "com.apple.product-type.application";
		};
		73950D542F6559A90017B847 /* My Purchases Collector Extension */ = {
			isa = PBXNativeTarget;
			buildConfigurationList = 73950D5F2F6559AA0017B847 /* Build configuration list for PBXNativeTarget "My Purchases Collector Extension" */;
			buildPhases = (
				73950D512F6559A90017B847 /* Sources */,
				73950D522F6559A90017B847 /* Frameworks */,
				73950D532F6559A90017B847 /* Resources */,
			);
			buildRules = (
			);
			dependencies = (
			);
			name = "My Purchases Collector Extension";
			packageProductDependencies = (
			);
			productName = "My Purchases Collector Extension";
			productReference = 73950D552F6559A90017B847 /* My Purchases Collector Extension.appex */;
			productType = "com.apple.product-type.app-extension";
		};
/* End PBXNativeTarget section */

/* Begin PBXProject section */
		73950D322F6559A60017B847 /* Project object */ = {
			isa = PBXProject;
			attributes = {
				BuildIndependentTargetsInParallel = 1;
				LastSwiftUpdateCheck = 2630;
				LastUpgradeCheck = 2630;
				TargetAttributes = {
					73950D392F6559A60017B847 = {
						CreatedOnToolsVersion = 26.3;
					};
					73950D542F6559A90017B847 = {
						CreatedOnToolsVersion = 26.3;
					};
				};
			};
			buildConfigurationList = 73950D352F6559A60017B847 /* Build configuration list for PBXProject "My Purchases Collector" */;
			developmentRegion = en;
			hasScannedForEncodings = 0;
			knownRegions = (
				en,
				Base,
			);
			mainGroup = 73950D312F6559A60017B847;
			minimizedProjectReferenceProxies = 1;
			preferredProjectObjectVersion = 77;
			productRefGroup = 73950D3B2F6559A60017B847 /* Products */;
			projectDirPath = "";
			projectRoot = "";
			targets = (
				73950D392F6559A60017B847 /* My Purchases Collector */,
				73950D542F6559A90017B847 /* My Purchases Collector Extension */,
			);
		};
/* End PBXProject section */

/* Begin PBXResourcesBuildPhase section */
		73950D382F6559A60017B847 /* Resources */ = {
			isa = PBXResourcesBuildPhase;
			buildActionMask = 2147483647;
			files = (
				73950D442F6559A60017B847 /* Icon.png in Resources */,
				73950D4D2F6559A60017B847 /* Main.storyboard in Resources */,
				73950D482F6559A60017B847 /* Script.js in Resources */,
				73950D422F6559A60017B847 /* Main.html in Resources */,
				73950D4F2F6559A90017B847 /* Assets.xcassets in Resources */,
				73950D462F6559A60017B847 /* Style.css in Resources */,
			);
			runOnlyForDeploymentPostprocessing = 0;
		};
		73950D532F6559A90017B847 /* Resources */ = {
			isa = PBXResourcesBuildPhase;
			buildActionMask = 2147483647;
			files = (
				73950D6E2F6559AB0017B847 /* content in Resources */,
				73950D6F2F6559AB0017B847 /* icons in Resources */,
				73950D702F6559AB0017B847 /* manifest.json in Resources */,
				73950D6C2F6559AB0017B847 /* background in Resources */,
				73950D6D2F6559AB0017B847 /* popup in Resources */,
			);
			runOnlyForDeploymentPostprocessing = 0;
		};
/* End PBXResourcesBuildPhase section */

/* Begin PBXSourcesBuildPhase section */
		73950D362F6559A60017B847 /* Sources */ = {
			isa = PBXSourcesBuildPhase;
			buildActionMask = 2147483647;
			files = (
				73950D4A2F6559A60017B847 /* ViewController.swift in Sources */,
				73950D3E2F6559A60017B847 /* AppDelegate.swift in Sources */,
			);
			runOnlyForDeploymentPostprocessing = 0;
		};
		73950D512F6559A90017B847 /* Sources */ = {
			isa = PBXSourcesBuildPhase;
			buildActionMask = 2147483647;
			files = (
				73950D5B2F6559AA0017B847 /* SafariWebExtensionHandler.swift in Sources */,
			);
			runOnlyForDeploymentPostprocessing = 0;
		};
/* End PBXSourcesBuildPhase section */

/* Begin PBXTargetDependency section */
		73950D582F6559A90017B847 /* PBXTargetDependency */ = {
			isa = PBXTargetDependency;
			target = 73950D542F6559A90017B847 /* My Purchases Collector Extension */;
			targetProxy = 73950D572F6559A90017B847 /* PBXContainerItemProxy */;
		};
/* End PBXTargetDependency section */

/* Begin PBXVariantGroup section */
		73950D402F6559A60017B847 /* Main.html */ = {
			isa = PBXVariantGroup;
			children = (
				73950D412F6559A60017B847 /* Base */,
			);
			name = Main.html;
			sourceTree = "<group>";
		};
		73950D4B2F6559A60017B847 /* Main.storyboard */ = {
			isa = PBXVariantGroup;
			children = (
				73950D4C2F6559A60017B847 /* Base */,
			);
			name = Main.storyboard;
			sourceTree = "<group>";
		};
/* End PBXVariantGroup section */

/* Begin XCBuildConfiguration section */
		73950D5D2F6559AA0017B847 /* Debug */ = {
			isa = XCBuildConfiguration;
			buildSettings = {
				ALWAYS_SEARCH_USER_PATHS = NO;
				ASSETCATALOG_COMPILER_GENERATE_SWIFT_ASSET_SYMBOL_EXTENSIONS = YES;
				CLANG_ANALYZER_NONNULL = YES;
				CLANG_ANALYZER_NUMBER_OBJECT_CONVERSION = YES_AGGRESSIVE;
				CLANG_CXX_LANGUAGE_STANDARD = "gnu++20";
				CLANG_ENABLE_MODULES = YES;
				CLANG_ENABLE_OBJC_ARC = YES;
				CLANG_ENABLE_OBJC_WEAK = YES;
				CLANG_WARN_BLOCK_CAPTURE_AUTORELEASING = YES;
				CLANG_WARN_BOOL_CONVERSION = YES;
				CLANG_WARN_COMMA = YES;
				CLANG_WARN_CONSTANT_CONVERSION = YES;
				CLANG_WARN_DEPRECATED_OBJC_IMPLEMENTATIONS = YES;
				CLANG_WARN_DIRECT_OBJC_ISA_USAGE = YES_ERROR;
				CLANG_WARN_DOCUMENTATION_COMMENTS = YES;
				CLANG_WARN_EMPTY_BODY = YES;
				CLANG_WARN_ENUM_CONVERSION = YES;
				CLANG_WARN_INFINITE_RECURSION = YES;
				CLANG_WARN_INT_CONVERSION = YES;
				CLANG_WARN_NON_LITERAL_NULL_CONVERSION = YES;
				CLANG_WARN_OBJC_IMPLICIT_RETAIN_SELF = YES;
				CLANG_WARN_OBJC_LITERAL_CONVERSION = YES;
				CLANG_WARN_OBJC_ROOT_CLASS = YES_ERROR;
				CLANG_WARN_QUOTED_INCLUDE_IN_FRAMEWORK_HEADER = YES;
				CLANG_WARN_RANGE_LOOP_ANALYSIS = YES;
				CLANG_WARN_STRICT_PROTOTYPES = YES;
				CLANG_WARN_SUSPICIOUS_MOVE = YES;
				CLANG_WARN_UNGUARDED_AVAILABILITY = YES_AGGRESSIVE;
				CLANG_WARN_UNREACHABLE_CODE = YES;
				CLANG_WARN__DUPLICATE_METHOD_MATCH = YES;
				COPY_PHASE_STRIP = NO;
				DEBUG_INFORMATION_FORMAT = dwarf;
				ENABLE_STRICT_OBJC_MSGSEND = YES;
				ENABLE_TESTABILITY = YES;
				ENABLE_USER_SCRIPT_SANDBOXING = YES;
				GCC_C_LANGUAGE_STANDARD = gnu17;
				GCC_DYNAMIC_NO_PIC = NO;
				GCC_NO_COMMON_BLOCKS = YES;
				GCC_OPTIMIZATION_LEVEL = 0;
				GCC_PREPROCESSOR_DEFINITIONS = (
					"DEBUG=1",
					"$(inherited)",
				);
				GCC_WARN_64_TO_32_BIT_CONVERSION = YES;
				GCC_WARN_ABOUT_RETURN_TYPE = YES_ERROR;
				GCC_WARN_UNDECLARED_SELECTOR = YES;
				GCC_WARN_UNINITIALIZED_AUTOS = YES_AGGRESSIVE;
				GCC_WARN_UNUSED_FUNCTION = YES;
				GCC_WARN_UNUSED_VARIABLE = YES;
				LOCALIZATION_PREFERS_STRING_CATALOGS = YES;
				MACOSX_DEPLOYMENT_TARGET = 14.4;
				MTL_ENABLE_DEBUG_INFO = INCLUDE_SOURCE;
				MTL_FAST_MATH = YES;
				ONLY_ACTIVE_ARCH = YES;
				SDKROOT = macosx;
				SWIFT_ACTIVE_COMPILATION_CONDITIONS = "DEBUG $(inherited)";
				SWIFT_OPTIMIZATION_LEVEL = "-Onone";
			};
			name = Debug;
		};
		73950D5E2F6559AA0017B847 /* Release */ = {
			isa = XCBuildConfiguration;
			buildSettings = {
				ALWAYS_SEARCH_USER_PATHS = NO;
				ASSETCATALOG_COMPILER_GENERATE_SWIFT_ASSET_SYMBOL_EXTENSIONS = YES;
				CLANG_ANALYZER_NONNULL = YES;
				CLANG_ANALYZER_NUMBER_OBJECT_CONVERSION = YES_AGGRESSIVE;
				CLANG_CXX_LANGUAGE_STANDARD = "gnu++20";
				CLANG_ENABLE_MODULES = YES;
				CLANG_ENABLE_OBJC_ARC = YES;
				CLANG_ENABLE_OBJC_WEAK = YES;
				CLANG_WARN_BLOCK_CAPTURE_AUTORELEASING = YES;
				CLANG_WARN_BOOL_CONVERSION = YES;
				CLANG_WARN_COMMA = YES;
				CLANG_WARN_CONSTANT_CONVERSION = YES;
				CLANG_WARN_DEPRECATED_OBJC_IMPLEMENTATIONS = YES;
				CLANG_WARN_DIRECT_OBJC_ISA_USAGE = YES_ERROR;
				CLANG_WARN_DOCUMENTATION_COMMENTS = YES;
				CLANG_WARN_EMPTY_BODY = YES;
				CLANG_WARN_ENUM_CONVERSION = YES;
				CLANG_WARN_INFINITE_RECURSION = YES;
				CLANG_WARN_INT_CONVERSION = YES;
				CLANG_WARN_NON_LITERAL_NULL_CONVERSION = YES;
				CLANG_WARN_OBJC_IMPLICIT_RETAIN_SELF = YES;
				CLANG_WARN_OBJC_LITERAL_CONVERSION = YES;
				CLANG_WARN_OBJC_ROOT_CLASS = YES_ERROR;
				CLANG_WARN_QUOTED_INCLUDE_IN_FRAMEWORK_HEADER = YES;
				CLANG_WARN_RANGE_LOOP_ANALYSIS = YES;
				CLANG_WARN_STRICT_PROTOTYPES = YES;
				CLANG_WARN_SUSPICIOUS_MOVE = YES;
				CLANG_WARN_UNGUARDED_AVAILABILITY = YES_AGGRESSIVE;
				CLANG_WARN_UNREACHABLE_CODE = YES;
				CLANG_WARN__DUPLICATE_METHOD_MATCH = YES;
				COPY_PHASE_STRIP = NO;
				DEBUG_INFORMATION_FORMAT = "dwarf-with-dsym";
				ENABLE_NS_ASSERTIONS = NO;
				ENABLE_STRICT_OBJC_MSGSEND = YES;
				ENABLE_USER_SCRIPT_SANDBOXING = YES;
				GCC_C_LANGUAGE_STANDARD = gnu17;
				GCC_NO_COMMON_BLOCKS = YES;
				GCC_WARN_64_TO_32_BIT_CONVERSION = YES;
				GCC_WARN_ABOUT_RETURN_TYPE = YES_ERROR;
				GCC_WARN_UNDECLARED_SELECTOR = YES;
				GCC_WARN_UNINITIALIZED_AUTOS = YES_AGGRESSIVE;
				GCC_WARN_UNUSED_FUNCTION = YES;
				GCC_WARN_UNUSED_VARIABLE = YES;
				LOCALIZATION_PREFERS_STRING_CATALOGS = YES;
				MACOSX_DEPLOYMENT_TARGET = 14.4;
				MTL_ENABLE_DEBUG_INFO = NO;
				MTL_FAST_MATH = YES;
				SDKROOT = macosx;
				SWIFT_COMPILATION_MODE = wholemodule;
			};
			name = Release;
		};
		73950D602F6559AA0017B847 /* Debug */ = {
			isa = XCBuildConfiguration;
			buildSettings = {
				CODE_SIGN_STYLE = Automatic;
				CURRENT_PROJECT_VERSION = 1;
				ENABLE_APP_SANDBOX = YES;
				ENABLE_HARDENED_RUNTIME = YES;
				ENABLE_USER_SELECTED_FILES = readonly;
				GENERATE_INFOPLIST_FILE = YES;
				INFOPLIST_FILE = "My Purchases Collector Extension/Info.plist";
				INFOPLIST_KEY_CFBundleDisplayName = "My Purchases Collector Extension";
				INFOPLIST_KEY_NSHumanReadableCopyright = "";
				LD_RUNPATH_SEARCH_PATHS = (
					"$(inherited)",
					"@executable_path/../Frameworks",
					"@executable_path/../../../../Frameworks",
				);
				MACOSX_DEPLOYMENT_TARGET = 14.4;
				MARKETING_VERSION = 1.0;
				OTHER_LDFLAGS = (
					"-framework",
					SafariServices,
				);
				PRODUCT_BUNDLE_IDENTIFIER = "com.zenedith.my-purchases-collector.Extension";
				PRODUCT_NAME = "$(TARGET_NAME)";
				SKIP_INSTALL = YES;
				STRING_CATALOG_GENERATE_SYMBOLS = YES;
				SWIFT_APPROACHABLE_CONCURRENCY = YES;
				SWIFT_EMIT_LOC_STRINGS = YES;
				SWIFT_UPCOMING_FEATURE_MEMBER_IMPORT_VISIBILITY = YES;
				SWIFT_VERSION = 5.0;
			};
			name = Debug;
		};
		73950D612F6559AA0017B847 /* Release */ = {
			isa = XCBuildConfiguration;
			buildSettings = {
				CODE_SIGN_STYLE = Automatic;
				CURRENT_PROJECT_VERSION = 1;
				ENABLE_APP_SANDBOX = YES;
				ENABLE_HARDENED_RUNTIME = YES;
				ENABLE_USER_SELECTED_FILES = readonly;
				GENERATE_INFOPLIST_FILE = YES;
				INFOPLIST_FILE = "My Purchases Collector Extension/Info.plist";
				INFOPLIST_KEY_CFBundleDisplayName = "My Purchases Collector Extension";
				INFOPLIST_KEY_NSHumanReadableCopyright = "";
				LD_RUNPATH_SEARCH_PATHS = (
					"$(inherited)",
					"@executable_path/../Frameworks",
					"@executable_path/../../../../Frameworks",
				);
				MACOSX_DEPLOYMENT_TARGET = 14.4;
				MARKETING_VERSION = 1.0;
				OTHER_LDFLAGS = (
					"-framework",
					SafariServices,
				);
				PRODUCT_BUNDLE_IDENTIFIER = "com.zenedith.my-purchases-collector.Extension";
				PRODUCT_NAME = "$(TARGET_NAME)";
				SKIP_INSTALL = YES;
				STRING_CATALOG_GENERATE_SYMBOLS = YES;
				SWIFT_APPROACHABLE_CONCURRENCY = YES;
				SWIFT_EMIT_LOC_STRINGS = YES;
				SWIFT_UPCOMING_FEATURE_MEMBER_IMPORT_VISIBILITY = YES;
				SWIFT_VERSION = 5.0;
			};
			name = Release;
		};
		73950D642F6559AA0017B847 /* Debug */ = {
			isa = XCBuildConfiguration;
			buildSettings = {
				ASSETCATALOG_COMPILER_APPICON_NAME = AppIcon;
				ASSETCATALOG_COMPILER_GLOBAL_ACCENT_COLOR_NAME = AccentColor;
				CODE_SIGN_STYLE = Automatic;
				COMBINE_HIDPI_IMAGES = YES;
				CURRENT_PROJECT_VERSION = 1;
				ENABLE_APP_SANDBOX = YES;
				ENABLE_HARDENED_RUNTIME = YES;
				ENABLE_OUTGOING_NETWORK_CONNECTIONS = YES;
				ENABLE_USER_SELECTED_FILES = readonly;
				GENERATE_INFOPLIST_FILE = YES;
				INFOPLIST_FILE = "My Purchases Collector/Info.plist";
				INFOPLIST_KEY_CFBundleDisplayName = "My Purchases Collector";
				INFOPLIST_KEY_NSHumanReadableCopyright = "";
				INFOPLIST_KEY_NSMainStoryboardFile = Main;
				INFOPLIST_KEY_NSPrincipalClass = NSApplication;
				LD_RUNPATH_SEARCH_PATHS = (
					"$(inherited)",
					"@executable_path/../Frameworks",
				);
				MARKETING_VERSION = 1.0;
				OTHER_LDFLAGS = (
					"-framework",
					SafariServices,
					"-framework",
					WebKit,
				);
				PRODUCT_BUNDLE_IDENTIFIER = "com.zenedith.my-purchases-collector";
				PRODUCT_NAME = "$(TARGET_NAME)";
				REGISTER_APP_GROUPS = YES;
				STRING_CATALOG_GENERATE_SYMBOLS = YES;
				SWIFT_APPROACHABLE_CONCURRENCY = YES;
				SWIFT_DEFAULT_ACTOR_ISOLATION = MainActor;
				SWIFT_EMIT_LOC_STRINGS = YES;
				SWIFT_UPCOMING_FEATURE_MEMBER_IMPORT_VISIBILITY = YES;
				SWIFT_VERSION = 5.0;
			};
			name = Debug;
		};
		73950D652F6559AA0017B847 /* Release */ = {
			isa = XCBuildConfiguration;
			buildSettings = {
				ASSETCATALOG_COMPILER_APPICON_NAME = AppIcon;
				ASSETCATALOG_COMPILER_GLOBAL_ACCENT_COLOR_NAME = AccentColor;
				CODE_SIGN_STYLE = Automatic;
				COMBINE_HIDPI_IMAGES = YES;
				CURRENT_PROJECT_VERSION = 1;
				ENABLE_APP_SANDBOX = YES;
				ENABLE_HARDENED_RUNTIME = YES;
				ENABLE_OUTGOING_NETWORK_CONNECTIONS = YES;
				ENABLE_USER_SELECTED_FILES = readonly;
				GENERATE_INFOPLIST_FILE = YES;
				INFOPLIST_FILE = "My Purchases Collector/Info.plist";
				INFOPLIST_KEY_CFBundleDisplayName = "My Purchases Collector";
				INFOPLIST_KEY_NSHumanReadableCopyright = "";
				INFOPLIST_KEY_NSMainStoryboardFile = Main;
				INFOPLIST_KEY_NSPrincipalClass = NSApplication;
				LD_RUNPATH_SEARCH_PATHS = (
					"$(inherited)",
					"@executable_path/../Frameworks",
				);
				MARKETING_VERSION = 1.0;
				OTHER_LDFLAGS = (
					"-framework",
					SafariServices,
					"-framework",
					WebKit,
				);
				PRODUCT_BUNDLE_IDENTIFIER = "com.zenedith.my-purchases-collector";
				PRODUCT_NAME = "$(TARGET_NAME)";
				REGISTER_APP_GROUPS = YES;
				STRING_CATALOG_GENERATE_SYMBOLS = YES;
				SWIFT_APPROACHABLE_CONCURRENCY = YES;
				SWIFT_DEFAULT_ACTOR_ISOLATION = MainActor;
				SWIFT_EMIT_LOC_STRINGS = YES;
				SWIFT_UPCOMING_FEATURE_MEMBER_IMPORT_VISIBILITY = YES;
				SWIFT_VERSION = 5.0;
			};
			name = Release;
		};
/* End XCBuildConfiguration section */

/* Begin XCConfigurationList section */
		73950D352F6559A60017B847 /* Build configuration list for PBXProject "My Purchases Collector" */ = {
			isa = XCConfigurationList;
			buildConfigurations = (
				73950D5D2F6559AA0017B847 /* Debug */,
				73950D5E2F6559AA0017B847 /* Release */,
			);
			defaultConfigurationIsVisible = 0;
			defaultConfigurationName = Release;
		};
		73950D5F2F6559AA0017B847 /* Build configuration list for PBXNativeTarget "My Purchases Collector Extension" */ = {
			isa = XCConfigurationList;
			buildConfigurations = (
				73950D602F6559AA0017B847 /* Debug */,
				73950D612F6559AA0017B847 /* Release */,
			);
			defaultConfigurationIsVisible = 0;
			defaultConfigurationName = Release;
		};
		73950D632F6559AA0017B847 /* Build configuration list for PBXNativeTarget "My Purchases Collector" */ = {
			isa = XCConfigurationList;
			buildConfigurations = (
				73950D642F6559AA0017B847 /* Debug */,
				73950D652F6559AA0017B847 /* Release */,
			);
			defaultConfigurationIsVisible = 0;
			defaultConfigurationName = Release;
		};
/* End XCConfigurationList section */
	};
	rootObject = 73950D322F6559A60017B847 /* Project object */;
}
